<?xml version="1.0" encoding="utf-8"?>
<Project ToolsVersion="4.0" xmlns="http://schemas.microsoft.com/developer/msbuild/2003">
  <ItemGroup>
    <Filter Include="Source Files">
      <UniqueIdentifier>{4FC737F1-C7A5-4376-A066-2A32D752A2FF}</UniqueIdentifier>
      <Extensions>cpp;c;cc;cxx;c++;cppm;ixx;def;odl;idl;hpj;bat;asm;asmx</Extensions>
    </Filter>
    <Filter Include="Header Files">
      <UniqueIdentifier>{93995380-89BD-4b04-88EB-625FBE52EBFB}</UniqueIdentifier>
      <Extensions>h;hh;hpp;hxx;h++;hm;inl;inc;ipp;xsd</Extensions>
    </Filter>
    <Filter Include="Resource Files">
      <UniqueIdentifier>{67DA6AB6-F800-4c08-8B7A-83BB121AAD01}</UniqueIdentifier>
      <Extensions>rc;ico;cur;bmp;dlg;rc2;rct;bin;rgs;gif;jpg;jpeg;jpe;resx;tiff;tif;png;wav;mfcribbon-ms</Extensions>
    </Filter>
    <Filter Include="Source Files\PEOPLE">
      <UniqueIdentifier>{fe7864b2-1771-4435-b8c3-1991773c46da}</UniqueIdentifier>
    </Filter>
    <Filter Include="Header Files\VEHICLE">
      <UniqueIdentifier>{0061ed90-6718-408b-b4da-cc078b075345}</UniqueIdentifier>
    </Filter>
    <Filter Include="Header Files\ANIMAL">
      <UniqueIdentifier>{7de9d33c-bb30-44d4-9f38-2eac7132e1dd}</UniqueIdentifier>
    </Filter>
    <Filter Include="Header Files\GUI">
      <UniqueIdentifier>{bde9ea5e-e2d8-4029-b52a-4949b153f9b7}</UniqueIdentifier>
    </Filter>
    <Filter Include="Header Files\CGAME">
      <UniqueIdentifier>{536870ba-f434-4f06-b2b3-452788d19fd8}</UniqueIdentifier>
    </Filter>
    <Filter Include="Source Files\ANIMAL">
      <UniqueIdentifier>{3d013d61-5022-4aa2-883b-60a4b156ee8d}</UniqueIdentifier>
    </Filter>
    <Filter Include="Source Files\VEHICLE">
      <UniqueIdentifier>{9b5e135f-43cf-4e46-8649-f3963becb1a4}</UniqueIdentifier>
    </Filter>
    <Filter Include="Source Files\GUI">
      <UniqueIdentifier>{fc0c9ce6-2a1f-424e-af23-0dca7b9c509e}</UniqueIdentifier>
    </Filter>
    <Filter Include="Source Files\CGAME">
      <UniqueIdentifier>{1753e3d2-92b6-452c-aed6-aae28224d21d}</UniqueIdentifier>
    </Filter>
  </ItemGroup>
  <ItemGroup>
    <ClCompile Include="CDINOSAUR.cpp">
      <Filter>Source Files\ANIMAL</Filter>
    </ClCompile>
    <ClCompile Include="CELEPHANT.cpp">
      <Filter>Source Files\ANIMAL</Filter>
    </ClCompile>
    <ClCompile Include="CTRUCK.cpp">
      <Filter>Source Files\VEHICLE</Filter>
    </ClCompile>
    <ClCompile Include="CCAR.cpp">
      <Filter>Source Files\VEHICLE</Filter>
    </ClCompile>
    <ClCompile Include="GUI.cpp">
      <Filter>Source Files\GUI</Filter>
    </ClCompile>
    <ClCompile Include="CGAME.cpp">
      <Filter>Source Files\CGAME</Filter>
    </ClCompile>
    <ClCompile Include="CCAR.cpp">
      <Filter>Source Files</Filter>
    </ClCompile>
    <ClCompile Include="CDINOSAUR.cpp">
      <Filter>Source Files</Filter>
    </ClCompile>
    <ClCompile Include="CELEPHANT.cpp">
      <Filter>Source Files</Filter>
    </ClCompile>
    <ClCompile Include="C_CROSSING_GAME.cpp">
      <Filter>Source Files</Filter>
    </ClCompile>
    <ClCompile Include="CPEOPLE.cpp">
      <Filter>Source Files\PEOPLE</Filter>
    </ClCompile>
  </ItemGroup>
  <ItemGroup>
    <ClInclude Include="CCAR.h">
      <Filter>Header Files\VEHICLE</Filter>
    </ClInclude>
    <ClInclude Include="CTRUCK.h">
      <Filter>Header Files\VEHICLE</Filter>
    </ClInclude>
    <ClInclude Include="CVEHICLE.h">
      <Filter>Header Files\VEHICLE</Filter>
    </ClInclude>
    <ClInclude Include="CDINOSAUR.h">
      <Filter>Header Files\ANIMAL</Filter>
    </ClInclude>
    <ClInclude Include="CELEPHANT.h">
      <Filter>Header Files\ANIMAL</Filter>
    </ClInclude>
    <ClInclude Include="GUI.h">
      <Filter>Header Files\GUI</Filter>
    </ClInclude>
    <ClInclude Include="CGAME.h">
      <Filter>Header Files\CGAME</Filter>
    </ClInclude>
    <ClInclude Include="CCAR.h">
      <Filter>Header Files</Filter>
    </ClInclude>
    <ClInclude Include="CDINOSAUR.h">
      <Filter>Header Files</Filter>
    </ClInclude>
    <ClInclude Include="CELEPHANT.h">
      <Filter>Header Files</Filter>
    </ClInclude>
    <ClInclude Include="CPEOPLE.h">
      <Filter>Source Files\PEOPLE</Filter>
    </ClInclude>
  </ItemGroup>
</Project>